// !$*UTF8*$!
{
	archiveVersion = 1;
	classes = {
	};
	objectVersion = 48;
	objects = {

/* Begin PBXBuildFile section */
		752D7E26202CA84A008E4613 /* AppDelegate.swift in Sources */ = {isa = PBXBuildFile; fileRef = 752D7E25202CA84A008E4613 /* AppDelegate.swift */; };
		752D7E28202CA84A008E4613 /* ViewController.swift in Sources */ = {isa = PBXBuildFile; fileRef = 752D7E27202CA84A008E4613 /* ViewController.swift */; };
		752D7E2B202CA84A008E4613 /* Main.storyboard in Resources */ = {isa = PBXBuildFile; fileRef = 752D7E29202CA84A008E4613 /* Main.storyboard */; };
		752D7E2D202CA84A008E4613 /* Assets.xcassets in Resources */ = {isa = PBXBuildFile; fileRef = 752D7E2C202CA84A008E4613 /* Assets.xcassets */; };
		752D7E30202CA84A008E4613 /* LaunchScreen.storyboard in Resources */ = {isa = PBXBuildFile; fileRef = 752D7E2E202CA84A008E4613 /* LaunchScreen.storyboard */; };
/* End PBXBuildFile section */

/* Begin PBXFileReference section */
		752D7E22202CA84A008E4613 /* Float vs Double.app */ = {isa = PBXFileReference; explicitFileType = wrapper.application; includeInIndex = 0; path = "Float vs Double.app"; sourceTree = BUILT_PRODUCTS_DIR; };
		752D7E25202CA84A008E4613 /* AppDelegate.swift */ = {isa = PBXFileReference; lastKnownFileType = sourcecode.swift; path = AppDelegate.swift; sourceTree = "<group>"; };
		752D7E27202CA84A008E4613 /* ViewController.swift */ = {isa = PBXFileReference; lastKnownFileType = sourcecode.swift; path = ViewController.swift; sourceTree = "<group>"; };
		752D7E2A202CA84A008E4613 /* Base */ = {isa = PBXFileReference; lastKnownFileType = file.storyboard; name = Base; path = Base.lproj/Main.storyboard; sourceTree = "<group>"; };
		752D7E2C202CA84A008E4613 /* Assets.xcassets */ = {isa = PBXFileReference; lastKnownFileType = folder.assetcatalog; path = Assets.xcassets; sourceTree = "<group>"; };
		752D7E2F202CA84A008E4613 /* Base */ = {isa = PBXFileReference; lastKnownFileType = file.storyboard; name = Base; path = Base.lproj/LaunchScreen.storyboard; sourceTree = "<group>"; };
		752D7E31202CA84A008E4613 /* Info.plist */ = {isa = PBXFileReference; lastKnownFileType = text.plist.xml; path = Info.plist; sourceTree = "<group>"; };
/* End PBXFileReference section */

/* Begin PBXFrameworksBuildPhase section */
		752D7E1F202CA84A008E4613 /* Frameworks */ = {
			isa = PBXFrameworksBuildPhase;
			buildActionMask = 2147483647;
			files = (
			);
			runOnlyForDeploymentPostprocessing = 0;
		};
/* End PBXFrameworksBuildPhase section */

/* Begin PBXGroup section */
		752D7E19202CA84A008E4613 = {
			isa = PBXGroup;
			children = (
				752D7E24202CA84A008E4613 /* Float vs Double */,
				752D7E23202CA84A008E4613 /* Products */,
			);
			sourceTree = "<group>";
		};
		752D7E23202CA84A008E4613 /* Products */ = {
			isa = PBXGroup;
			children = (
				752D7E22202CA84A008E4613 /* Float vs Double.app */,
			);
			name = Products;
			sourceTree = "<group>";
		};
		752D7E24202CA84A008E4613 /* Float vs Double */ = {
			isa = PBXGroup;
			children = (
				752D7E25202CA84A008E4613 /* AppDelegate.swift */,
				752D7E27202CA84A008E4613 /* ViewController.swift */,
				752D7E29202CA84A008E4613 /* Main.storyboard */,
				752D7E2C202CA84A008E4613 /* Assets.xcassets */,
				752D7E2E202CA84A008E4613 /* LaunchScreen.storyboard */,
				752D7E31202CA84A008E4613 /* Info.plist */,
			);
			path = "Float vs Double";
			sourceTree = "<group>";
		};
/* End PBXGroup section */

/* Begin PBXNativeTarget section */
		752D7E21202CA84A008E4613 /* Float vs Double */ = {
			isa = PBXNativeTarget;
			buildConfigurationList = 752D7E34202CA84A008E4613 /* Build configuration list for PBXNativeTarget "Float vs Double" */;
			buildPhases = (
				752D7E1E202CA84A008E4613 /* Sources */,
				752D7E1F202CA84A008E4613 /* Frameworks */,
				752D7E20202CA84A008E4613 /* Resources */,
			);
			buildRules = (
			);
			dependencies = (
			);
			name = "Float vs Double";
			productName = "Float vs Double";
			productReference = 752D7E22202CA84A008E4613 /* Float vs Double.app */;
			productType = "com.apple.product-type.application";
		};
/* End PBXNativeTarget section */

/* Begin PBXProject section */
		752D7E1A202CA84A008E4613 /* Project object */ = {
			isa = PBXProject;
			attributes = {
				LastSwiftUpdateCheck = 0920;
				LastUpgradeCheck = 0920;
				ORGANIZATIONNAME = "Kozma Benedek";
				TargetAttributes = {
					752D7E21202CA84A008E4613 = {
						CreatedOnToolsVersion = 9.2;
						ProvisioningStyle = Automatic;
					};
				};
			};
			buildConfigurationList = 752D7E1D202CA84A008E4613 /* Build configuration list for PBXProject "Float vs Double" */;
			compatibilityVersion = "Xcode 8.0";
			developmentRegion = en;
			hasScannedForEncodings = 0;
			knownRegions = (
				en,
				Base,
			);
			mainGroup = 752D7E19202CA84A008E4613;
			productRefGroup = 752D7E23202CA84A008E4613 /* Products */;
			projectDirPath = "";
			projectRoot = "";
			targets = (
				752D7E21202CA84A008E4613 /* Float vs Double */,
			);
		};
/* End PBXProject section */

/* Begin PBXResourcesBuildPhase section */
		752D7E20202CA84A008E4613 /* Resources */ = {
			isa = PBXResourcesBuildPhase;
			buildActionMask = 2147483647;
			files = (
				752D7E30202CA84A008E4613 /* LaunchScreen.storyboard in Resources */,
				752D7E2D202CA84A008E4613 /* Assets.xcassets in Resources */,
				752D7E2B202CA84A008E4613 /* Main.storyboard in Resources */,
			);
			runOnlyForDeploymentPostprocessing = 0;
		};
/* End PBXResourcesBuildPhase section */

/* Begin PBXSourcesBuildPhase section */
		752D7E1E202CA84A008E4613 /* Sources */ = {
			isa = PBXSourcesBuildPhase;
			buildActionMask = 2147483647;
			files = (
				752D7E28202CA84A008E4613 /* ViewController.swift in Sources */,
				752D7E26202CA84A008E4613 /* AppDelegate.swift in Sources */,
			);
			runOnlyForDeploymentPostprocessing = 0;
		};
/* End PBXSourcesBuildPhase section */

/* Begin PBXVariantGroup section */
		752D7E29202CA84A008E4613 /* Main.storyboard */ = {
			isa = PBXVariantGroup;
			children = (
				752D7E2A202CA84A008E4613 /* Base */,
			);
			name = Main.storyboard;
			sourceTree = "<group>";
		};
		752D7E2E202CA84A008E4613 /* LaunchScreen.storyboard */ = {
			isa = PBXVariantGroup;
			children = (
				752D7E2F202CA84A008E4613 /* Base */,
			);
			name = LaunchScreen.storyboard;
			sourceTree = "<group>";
		};
/* End PBXVariantGroup section */

/* Begin XCBuildConfiguration section */
		752D7E32202CA84A008E4613 /* Debug */ = {
			isa = XCBuildConfiguration;
			buildSettings = {
				ALWAYS_SEARCH_USER_PATHS = NO;
				CLANG_ANALYZER_NONNULL = YES;
				CLANG_ANALYZER_NUMBER_OBJECT_CONVERSION = YES_AGGRESSIVE;
				CLANG_CXX_LANGUAGE_STANDARD = "gnu++14";
				CLANG_CXX_LIBRARY = "libc++";
				CLANG_ENABLE_MODULES = YES;
				CLANG_ENABLE_OBJC_ARC = YES;
				CLANG_WARN_BLOCK_CAPTURE_AUTORELEASING = YES;
				CLANG_WARN_BOOL_CONVERSION = YES;
				CLANG_WARN_COMMA = YES;
				CLANG_WARN_CONSTANT_CONVERSION = YES;
				CLANG_WARN_DIRECT_OBJC_ISA_USAGE = YES_ERROR;
				CLANG_WARN_DOCUMENTATION_COMMENTS = YES;
				CLANG_WARN_EMPTY_BODY = YES;
				CLANG_WARN_ENUM_CONVERSION = YES;
				CLANG_WARN_INFINITE_RECURSION = YES;
				CLANG_WARN_INT_CONVERSION = YES;
				CLANG_WARN_NON_LITERAL_NULL_CONVERSION = YES;
				CLANG_WARN_OBJC_LITERAL_CONVERSION = YES;
				CLANG_WARN_OBJC_ROOT_CLASS = YES_ERROR;
				CLANG_WARN_RANGE_LOOP_ANALYSIS = YES;
				CLANG_WARN_STRICT_PROTOTYPES = YES;
				CLANG_WARN_SUSPICIOUS_MOVE = YES;
				CLANG_WARN_UNGUARDED_AVAILABILITY = YES_AGGRESSIVE;
				CLANG_WARN_UNREACHABLE_CODE = YES;
				CLANG_WARN__DUPLICATE_METHOD_MATCH = YES;
				CODE_SIGN_IDENTITY = "iPhone Developer";
				COPY_PHASE_STRIP = NO;
				DEBUG_INFORMATION_FORMAT = dwarf;
				ENABLE_STRICT_OBJC_MSGSEND = YES;
				ENABLE_TESTABILITY = YES;
				GCC_C_LANGUAGE_STANDARD = gnu11;
				GCC_DYNAMIC_NO_PIC = NO;
				GCC_NO_COMMON_BLOCKS = YES;
				GCC_OPTIMIZATION_LEVEL = 0;
				GCC_PREPROCESSOR_DEFINITIONS = (
					"DEBUG=1",
					"$(inherited)",
				);
				GCC_WARN_64_TO_32_BIT_CONVERSION = YES;
				GCC_WARN_ABOUT_RETURN_TYPE = YES_ERROR;
				GCC_WARN_UNDECLARED_SELECTOR = YES;
				GCC_WARN_UNINITIALIZED_AUTOS = YES_AGGRESSIVE;
				GCC_WARN_UNUSED_FUNCTION = YES;
				GCC_WARN_UNUSED_VARIABLE = YES;
				IPHONEOS_DEPLOYMENT_TARGET = 11.2;
				MTL_ENABLE_DEBUG_INFO = YES;
				ONLY_ACTIVE_ARCH = YES;
				SDKROOT = iphoneos;
				SWIFT_ACTIVE_COMPILATION_CONDITIONS = DEBUG;
				SWIFT_OPTIMIZATION_LEVEL = "-Onone";
			};
			name = Debug;
		};
		752D7E33202CA84A008E4613 /* Release */ = {
			isa = XCBuildConfiguration;
			buildSettings = {
				ALWAYS_SEARCH_USER_PATHS = NO;
				CLANG_ANALYZER_NONNULL = YES;
				CLANG_ANALYZER_NUMBER_OBJECT_CONVERSION = YES_AGGRESSIVE;
				CLANG_CXX_LANGUAGE_STANDARD = "gnu++14";
				CLANG_CXX_LIBRARY = "libc++";
				CLANG_ENABLE_MODULES = YES;
				CLANG_ENABLE_OBJC_ARC = YES;
				CLANG_WARN_BLOCK_CAPTURE_AUTORELEASING = YES;
				CLANG_WARN_BOOL_CONVERSION = YES;
				CLANG_WARN_COMMA = YES;
				CLANG_WARN_CONSTANT_CONVERSION = YES;
				CLANG_WARN_DIRECT_OBJC_ISA_USAGE = YES_ERROR;
				CLANG_WARN_DOCUMENTATION_COMMENTS = YES;
				CLANG_WARN_EMPTY_BODY = YES;
				CLANG_WARN_ENUM_CONVERSION = YES;
				CLANG_WARN_INFINITE_RECURSION = YES;
				CLANG_WARN_INT_CONVERSION = YES;
				CLANG_WARN_NON_LITERAL_NULL_CONVERSION = YES;
				CLANG_WARN_OBJC_LITERAL_CONVERSION = YES;
				CLANG_WARN_OBJC_ROOT_CLASS = YES_ERROR;
				CLANG_WARN_RANGE_LOOP_ANALYSIS = YES;
				CLANG_WARN_STRICT_PROTOTYPES = YES;
				CLANG_WARN_SUSPICIOUS_MOVE = YES;
				CLANG_WARN_UNGUARDED_AVAILABILITY = YES_AGGRESSIVE;
				CLANG_WARN_UNREACHABLE_CODE = YES;
				CLANG_WARN__DUPLICATE_METHOD_MATCH = YES;
				CODE_SIGN_IDENTITY = "iPhone Developer";
				COPY_PHASE_STRIP = NO;
				DEBUG_INFORMATION_FORMAT = "dwarf-with-dsym";
				ENABLE_NS_ASSERTIONS = NO;
				ENABLE_STRICT_OBJC_MSGSEND = YES;
				GCC_C_LANGUAGE_STANDARD = gnu11;
				GCC_NO_COMMON_BLOCKS = YES;
				GCC_WARN_64_TO_32_BIT_CONVERSION = YES;
				GCC_WARN_ABOUT_RETURN_TYPE = YES_ERROR;
				GCC_WARN_UNDECLARED_SELECTOR = YES;
				GCC_WARN_UNINITIALIZED_AUTOS = YES_AGGRESSIVE;
				GCC_WARN_UNUSED_FUNCTION = YES;
				GCC_WARN_UNUSED_VARIABLE = YES;
				IPHONEOS_DEPLOYMENT_TARGET = 11.2;
				MTL_ENABLE_DEBUG_INFO = NO;
				SDKROOT = iphoneos;
				SWIFT_OPTIMIZATION_LEVEL = "-Owholemodule";
				VALIDATE_PRODUCT = YES;
			};
			name = Release;
		};
		752D7E35202CA84A008E4613 /* Debug */ = {
			isa = XCBuildConfiguration;
			buildSettings = {
				ASSETCATALOG_COMPILER_APPICON_NAME = AppIcon;
				CODE_SIGN_STYLE = Automatic;
				DEVELOPMENT_TEAM = V63P53K235;
				INFOPLIST_FILE = "Float vs Double/Info.plist";
				IPHONEOS_DEPLOYMENT_TARGET = 9.0;
				LD_RUNPATH_SEARCH_PATHS = "$(inherited) @executable_path/Frameworks";
				PRODUCT_BUNDLE_IDENTIFIER = "hu.cyberbeni.Float-vs-Double";
				PRODUCT_NAME = "$(TARGET_NAME)";
				SWIFT_VERSION = 4.0;
				TARGETED_DEVICE_FAMILY = "1,2";
			};
			name = Debug;
		};
		752D7E36202CA84A008E4613 /* Release */ = {
			isa = XCBuildConfiguration;
			buildSettings = {
				ASSETCATALOG_COMPILER_APPICON_NAME = AppIcon;
				CODE_SIGN_STYLE = Automatic;
				DEVELOPMENT_TEAM = V63P53K235;
				INFOPLIST_FILE = "Float vs Double/Info.plist";
				IPHONEOS_DEPLOYMENT_TARGET = 9.0;
				LD_RUNPATH_SEARCH_PATHS = "$(inherited) @executable_path/Frameworks";
				PRODUCT_BUNDLE_IDENTIFIER = "hu.cyberbeni.Float-vs-Double";
				PRODUCT_NAME = "$(TARGET_NAME)";
				SWIFT_VERSION = 4.0;
				TARGETED_DEVICE_FAMILY = "1,2";
			};
			name = Release;
		};
/* End XCBuildConfiguration section */

/* Begin XCConfigurationList section */
		752D7E1D202CA84A008E4613 /* Build configuration list for PBXProject "Float vs Double" */ = {
			isa = XCConfigurationList;
			buildConfigurations = (
				752D7E32202CA84A008E4613 /* Debug */,
				752D7E33202CA84A008E4613 /* Release */,
			);
			defaultConfigurationIsVisible = 0;
			defaultConfigurationName = Release;
		};
		752D7E34202CA84A008E4613 /* Build configuration list for PBXNativeTarget "Float vs Double" */ = {
			isa = XCConfigurationList;
			buildConfigurations = (
				752D7E35202CA84A008E4613 /* Debug */,
				752D7E36202CA84A008E4613 /* Release */,
			);
			defaultConfigurationIsVisible = 0;
			defaultConfigurationName = Release;
		};
/* End XCConfigurationList section */
	};
	rootObject = 752D7E1A202CA84A008E4613 /* Project object */;
}
